
Microsoft Visual Studio Solution File, Format Version 12.00
# Visual Studio Version 16
VisualStudioVersion = 16.0.30711.63
MinimumVisualStudioVersion = 10.0.40219.1
Project("{FAE04EC0-301F-11D3-BF4B-00C04F79EFBC}") = "varios_numeros_varias_operacoes", "varios_numeros_varias_operacoes\varios_numeros_varias_operacoes.csproj", "{B80E36D0-23E9-4BC8-AEA2-0A42979392CE}"
EndProject
Global
	GlobalSection(SolutionConfigurationPlatforms) = preSolution
		Debug|Any CPU = Debug|Any CPU
		Release|Any CPU = Release|Any CPU
	EndGlobalSection
	GlobalSection(ProjectConfigurationPlatforms) = postSolution
		{B80E36D0-23E9-4BC8-AEA2-0A42979392CE}.Debug|Any CPU.ActiveCfg = Debug|Any CPU
		{B80E36D0-23E9-4BC8-AEA2-0A42979392CE}.Debug|Any CPU.Build.0 = Debug|Any CPU
		{B80E36D0-23E9-4BC8-AEA2-0A42979392CE}.Release|Any CPU.ActiveCfg = Release|Any CPU
		{B80E36D0-23E9-4BC8-AEA2-0A42979392CE}.Release|Any CPU.Build.0 = Release|Any CPU
	EndGlobalSection
	GlobalSection(SolutionProperties) = preSolution
		HideSolutionNode = FALSE
	EndGlobalSection
	GlobalSection(ExtensibilityGlobals) = postSolution
		SolutionGuid = {685EB62A-A4B8-4760-A20B-3BCD9572F1BE}
	EndGlobalSection
EndGlobal
